
Microsoft Visual Studio Solution File, Format Version 12.00
# Visual Studio Version 16
VisualStudioVersion = 16.0.31410.357
MinimumVisualStudioVersion = 10.0.40219.1
Project("{FAE04EC0-301F-11D3-BF4B-00C04F79EFBC}") = "KnowYourWeather.Android", "KnowYourWeather\KnowYourWeather.Android\KnowYourWeather.Android.csproj", "{9904DEFC-DED0-4547-B236-E6E646BABE5E}"
EndProject
Project("{FAE04EC0-301F-11D3-BF4B-00C04F79EFBC}") = "KnowYourWeather.iOS", "KnowYourWeather\KnowYourWeather.iOS\KnowYourWeather.iOS.csproj", "{2AD4B18F-A803-412D-A93E-9167892968D8}"
EndProject
Project("{FAE04EC0-301F-11D3-BF4B-00C04F79EFBC}") = "KnowYourWeather", "KnowYourWeather\KnowYourWeather\KnowYourWeather.csproj", "{B8E43863-BC71-4272-84F3-4EC1CBCFAA14}"
EndProject
Global
	GlobalSection(SolutionConfigurationPlatforms) = preSolution
		Debug|Any CPU = Debug|Any CPU
		Debug|iPhone = Debug|iPhone
		Debug|iPhoneSimulator = Debug|iPhoneSimulator
		Release|Any CPU = Release|Any CPU
		Release|iPhone = Release|iPhone
		Release|iPhoneSimulator = Release|iPhoneSimulator
	EndGlobalSection
	GlobalSection(ProjectConfigurationPlatforms) = postSolution
		{9904DEFC-DED0-4547-B236-E6E646BABE5E}.Debug|Any CPU.ActiveCfg = Debug|Any CPU
		{9904DEFC-DED0-4547-B236-E6E646BABE5E}.Debug|Any CPU.Build.0 = Debug|Any CPU
		{9904DEFC-DED0-4547-B236-E6E646BABE5E}.Debug|Any CPU.Deploy.0 = Debug|Any CPU
		{9904DEFC-DED0-4547-B236-E6E646BABE5E}.Debug|iPhone.ActiveCfg = Debug|Any CPU
		{9904DEFC-DED0-4547-B236-E6E646BABE5E}.Debug|iPhone.Build.0 = Debug|Any CPU
		{9904DEFC-DED0-4547-B236-E6E646BABE5E}.Debug|iPhone.Deploy.0 = Debug|Any CPU
		{9904DEFC-DED0-4547-B236-E6E646BABE5E}.Debug|iPhoneSimulator.ActiveCfg = Debug|Any CPU
		{9904DEFC-DED0-4547-B236-E6E646BABE5E}.Debug|iPhoneSimulator.Build.0 = Debug|Any CPU
		{9904DEFC-DED0-4547-B236-E6E646BABE5E}.Debug|iPhoneSimulator.Deploy.0 = Debug|Any CPU
		{9904DEFC-DED0-4547-B236-E6E646BABE5E}.Release|Any CPU.ActiveCfg = Release|Any CPU
		{9904DEFC-DED0-4547-B236-E6E646BABE5E}.Release|Any CPU.Build.0 = Release|Any CPU
		{9904DEFC-DED0-4547-B236-E6E646BABE5E}.Release|Any CPU.Deploy.0 = Release|Any CPU
		{9904DEFC-DED0-4547-B236-E6E646BABE5E}.Release|iPhone.ActiveCfg = Release|Any CPU
		{9904DEFC-DED0-4547-B236-E6E646BABE5E}.Release|iPhone.Build.0 = Release|Any CPU
		{9904DEFC-DED0-4547-B236-E6E646BABE5E}.Release|iPhone.Deploy.0 = Release|Any CPU
		{9904DEFC-DED0-4547-B236-E6E646BABE5E}.Release|iPhoneSimulator.ActiveCfg = Release|Any CPU
		{9904DEFC-DED0-4547-B236-E6E646BABE5E}.Release|iPhoneSimulator.Build.0 = Release|Any CPU
		{9904DEFC-DED0-4547-B236-E6E646BABE5E}.Release|iPhoneSimulator.Deploy.0 = Release|Any CPU
		{2AD4B18F-A803-412D-A93E-9167892968D8}.Debug|Any CPU.ActiveCfg = Debug|iPhone
		{2AD4B18F-A803-412D-A93E-9167892968D8}.Debug|Any CPU.Build.0 = Debug|iPhone
		{2AD4B18F-A803-412D-A93E-9167892968D8}.Debug|Any CPU.Deploy.0 = Debug|iPhone
		{2AD4B18F-A803-412D-A93E-9167892968D8}.Debug|iPhone.ActiveCfg = Debug|iPhone
		{2AD4B18F-A803-412D-A93E-9167892968D8}.Debug|iPhone.Build.0 = Debug|iPhone
		{2AD4B18F-A803-412D-A93E-9167892968D8}.Debug|iPhone.Deploy.0 = Debug|iPhone
		{2AD4B18F-A803-412D-A93E-9167892968D8}.Debug|iPhoneSimulator.ActiveCfg = Debug|iPhoneSimulator
		{2AD4B18F-A803-412D-A93E-9167892968D8}.Debug|iPhoneSimulator.Build.0 = Debug|iPhoneSimulator
		{2AD4B18F-A803-412D-A93E-9167892968D8}.Debug|iPhoneSimulator.Deploy.0 = Debug|iPhoneSimulator
		{2AD4B18F-A803-412D-A93E-9167892968D8}.Release|Any CPU.ActiveCfg = Release|iPhoneSimulator
		{2AD4B18F-A803-412D-A93E-9167892968D8}.Release|Any CPU.Build.0 = Release|iPhoneSimulator
		{2AD4B18F-A803-412D-A93E-9167892968D8}.Release|Any CPU.Deploy.0 = Release|iPhoneSimulator
		{2AD4B18F-A803-412D-A93E-9167892968D8}.Release|iPhone.ActiveCfg = Release|iPhone
		{2AD4B18F-A803-412D-A93E-9167892968D8}.Release|iPhone.Build.0 = Release|iPhone
		{2AD4B18F-A803-412D-A93E-9167892968D8}.Release|iPhone.Deploy.0 = Release|iPhone
		{2AD4B18F-A803-412D-A93E-9167892968D8}.Release|iPhoneSimulator.ActiveCfg = Release|iPhoneSimulator
		{2AD4B18F-A803-412D-A93E-9167892968D8}.Release|iPhoneSimulator.Build.0 = Release|iPhoneSimulator
		{2AD4B18F-A803-412D-A93E-9167892968D8}.Release|iPhoneSimulator.Deploy.0 = Release|iPhoneSimulator
		{B8E43863-BC71-4272-84F3-4EC1CBCFAA14}.Debug|Any CPU.ActiveCfg = Debug|Any CPU
		{B8E43863-BC71-4272-84F3-4EC1CBCFAA14}.Debug|Any CPU.Build.0 = Debug|Any CPU
		{B8E43863-BC71-4272-84F3-4EC1CBCFAA14}.Debug|Any CPU.Deploy.0 = Debug|Any CPU
		{B8E43863-BC71-4272-84F3-4EC1CBCFAA14}.Debug|iPhone.ActiveCfg = Debug|Any CPU
		{B8E43863-BC71-4272-84F3-4EC1CBCFAA14}.Debug|iPhone.Build.0 = Debug|Any CPU
		{B8E43863-BC71-4272-84F3-4EC1CBCFAA14}.Debug|iPhone.Deploy.0 = Debug|Any CPU
		{B8E43863-BC71-4272-84F3-4EC1CBCFAA14}.Debug|iPhoneSimulator.ActiveCfg = Debug|Any CPU
		{B8E43863-BC71-4272-84F3-4EC1CBCFAA14}.Debug|iPhoneSimulator.Build.0 = Debug|Any CPU
		{B8E43863-BC71-4272-84F3-4EC1CBCFAA14}.Debug|iPhoneSimulator.Deploy.0 = Debug|Any CPU
		{B8E43863-BC71-4272-84F3-4EC1CBCFAA14}.Release|Any CPU.ActiveCfg = Release|Any CPU
		{B8E43863-BC71-4272-84F3-4EC1CBCFAA14}.Release|Any CPU.Build.0 = Release|Any CPU
		{B8E43863-BC71-4272-84F3-4EC1CBCFAA14}.Release|Any CPU.Deploy.0 = Release|Any CPU
		{B8E43863-BC71-4272-84F3-4EC1CBCFAA14}.Release|iPhone.ActiveCfg = Release|Any CPU
		{B8E43863-BC71-4272-84F3-4EC1CBCFAA14}.Release|iPhone.Build.0 = Release|Any CPU
		{B8E43863-BC71-4272-84F3-4EC1CBCFAA14}.Release|iPhone.Deploy.0 = Release|Any CPU
		{B8E43863-BC71-4272-84F3-4EC1CBCFAA14}.Release|iPhoneSimulator.ActiveCfg = Release|Any CPU
		{B8E43863-BC71-4272-84F3-4EC1CBCFAA14}.Release|iPhoneSimulator.Build.0 = Release|Any CPU
		{B8E43863-BC71-4272-84F3-4EC1CBCFAA14}.Release|iPhoneSimulator.Deploy.0 = Release|Any CPU
	EndGlobalSection
	GlobalSection(SolutionProperties) = preSolution
		HideSolutionNode = FALSE
	EndGlobalSection
	GlobalSection(ExtensibilityGlobals) = postSolution
		SolutionGuid = {358EF7EE-0D75-47C1-A76D-6D8BF4BCCAE8}
	EndGlobalSection
EndGlobal
